# GENERATED by release/builder/gen_active_inputs.py -- DO NOT hand-edit.
cffi==2.1.0 --hash=sha256:efc1cdd798b1aaf39b4610bba7aad28c9bea9b910f25c784ccf9ec1fa719d1f9
httptools==0.8.0 --hash=sha256:6b2a32f18d97e16e90827d7a819ffa8dbd8cc245fc4e1fa9d1095b54ef4bd999
markupsafe==3.0.3 --hash=sha256:722695808f4b6457b320fdc131280796bdceb04ab50fe1795cd540799ebe1698
psutil==6.1.1 --hash=sha256:cf8496728c18f2d0b45198f06895be52f36611711746b7f30c464b422b50e2f5
pyyaml==6.0.3 --hash=sha256:d76623373421df22fb4cf8817020cbb7ef15c725b9d5e45f17e189bfc384190f
uvloop==0.22.1 --hash=sha256:6c84bae345b9147082b17371e3dd5d42775bddce91f885499017f4607fdaf39f
