# DURABLE armv7 30-package solution lock (ADR-0003 A5). The authoritative resolved 30-pin
# closure of requirements.txt for the armv7 target; the SINGLE source consumed by
# release/builder/gen_active_inputs.py to derive the six-entry build lock + 24-entry reuse
# authorization. Distinct from those DERIVED outputs. Regenerate deterministically per release.
# requirements.txt sha256: 2a5a38009ec571d2329a99246d2f0518f13131091fe785c34abea429e1a9e78d
aiosqlite==0.22.1 --hash=sha256:043e0bd78d32888c0a9ca90fc788b38796843360c855a7262a532813133a0650
annotated-doc==0.0.4 --hash=sha256:fbcda96e87e9c92ad167c2e53839e57503ecfda18804ea28102353485033faa4
annotated-types==0.7.0 --hash=sha256:aff07c09a53a08bc8cfccb9c85b05f1aa9a2a6f23728d790723543408344ce89
anyio==4.14.2 --hash=sha256:cfa139f3ed1a23ee8f88a145ddb5ac7605b8bbfd8592baacd7ce3d8bb4313c7f
bcrypt==4.3.0 --hash=sha256:3a3fd2204178b6d2adcf09cb4f6426ffef54762577a7c9b54c159008cb288c18
cffi==2.1.0 --hash=sha256:efc1cdd798b1aaf39b4610bba7aad28c9bea9b910f25c784ccf9ec1fa719d1f9
click==8.4.2 --hash=sha256:9a6cea6e60b17ebe0a44c5cc636d94f09bd66142c1cd7d8b4cd731c4917a15f6
cryptography==48.0.1 --hash=sha256:266f4ee051abb2f725b74ef8072b521ce1feacf685a3364fa6a6b45548db791a
exceptiongroup==1.3.1 --hash=sha256:8b412432c6055b0b7d14c310000ae93352ed6754f70fa8f7c34141f91c4e3219
fastapi==0.139.0 --hash=sha256:99ab7b2d92223c76d6cf10757ab3f89d45b38267fc20b2a136cf02f6beac3145
h11==0.16.0 --hash=sha256:4e35b956cf45792e4caa5885e69fba00bdbc6ffafbfa020300e549b208ee5ff1
httptools==0.8.0 --hash=sha256:6b2a32f18d97e16e90827d7a819ffa8dbd8cc245fc4e1fa9d1095b54ef4bd999
idna==3.18 --hash=sha256:ffb385a7e039654cef1ab9ef32c6fafe283c0c0467bba1d9029738ce4a14a848
jinja2==3.1.6 --hash=sha256:0137fb05990d35f1275a587e9aee6d56da821fc83491a0fb838183be43f66d6d
markupsafe==3.0.3 --hash=sha256:722695808f4b6457b320fdc131280796bdceb04ab50fe1795cd540799ebe1698
psutil==6.1.1 --hash=sha256:cf8496728c18f2d0b45198f06895be52f36611711746b7f30c464b422b50e2f5
pycparser==3.0 --hash=sha256:600f49d217304a5902ac3c37e1281c9fe94e4d0489de643a9504c5cdfdfc6b29
pydantic==2.13.4 --hash=sha256:c40756b57adaa8b1efeeced5c196f3f3b7c435f90e84ea7f443901bec8099ef6
pydantic-core==2.46.4 --hash=sha256:62f875393d7f270851f20523dd2e29f082bcc82292d66db2b64ea71f64b6e1c1
pydantic-settings==2.14.2 --hash=sha256:c19dd64b19097f1de80184f0cc7b0272a13ae6e170cbf240a3e27e381ed14a5f
python-dotenv==1.2.2 --hash=sha256:2c371a91fbd7ba082c2c1dc1f8bf89ca22564a087c2c287cd9b662adde799cf3
python-multipart==0.0.32 --hash=sha256:be54b7f3fa167bb83e4fcd936b887b708f4e57fe75911c02aebf53efaf8d938e
pyyaml==6.0.3 --hash=sha256:d76623373421df22fb4cf8817020cbb7ef15c725b9d5e45f17e189bfc384190f
starlette==1.3.1 --hash=sha256:05d0213193f2fbaae60e2ecb593b4add4262ad4e46536b54abe36f11a71724e0
typing-extensions==4.16.0 --hash=sha256:dc983d19a509c94dba722ee6abd33940f7c05a89e243c47e907eb4db6f1a43e5
typing-inspection==0.4.2 --hash=sha256:ba561c48a67c5958007083d386c3295464928b01faa735ab8547c5692e87f464
uvicorn==0.51.0 --hash=sha256:f6f4b69b657c312f516dd2d268ab9ae6f254b11e4bac504f37b2ab58b24dd0b0
uvloop==0.22.1 --hash=sha256:6c84bae345b9147082b17371e3dd5d42775bddce91f885499017f4607fdaf39f
watchfiles==1.2.0 --hash=sha256:c995fba777f1ea992f090f9236e9284cf7a5d1a0130dd5a3d82c598cacd76838
websockets==16.1 --hash=sha256:299468cbe42e2b9981134c7c51d99387d8a7bf562b00183b3eec53f882846dad
