# GENERATED by release/gen_locks.py -- DO NOT hand-edit.
# requirements.txt sha256: 2a5a38009ec571d2329a99246d2f0518f13131091fe785c34abea429e1a9e78d
aiosqlite==0.22.1 --hash=sha256:21c002eb13823fad740196c5a2e9d8e62f6243bd9e7e4a1f87fb5e44ecb4fceb
annotated-doc==0.0.4 --hash=sha256:571ac1dc6991c450b25a9c2d84a3705e2ae7a53467b5d111c24fa8baabbed320
annotated-types==0.7.0 --hash=sha256:1f02e8b43a8fbbc3f3e0d4f0f4bfc8131bcb4eebe8849b8e5c773f3a1c582a53
anyio==4.14.2 --hash=sha256:9f505dda5ac9f0c8309b5e8bd445a8c2bf7246f3ce950121e45ea15bc41d1494
bcrypt==4.3.0 --hash=sha256:3004df1b323d10021fda07a813fd33e0fd57bef0e9a480bb143877f6cba996fe
cffi==2.1.0 --hash=sha256:a016194dbe13d14ee9556e734b772d8d67b947092b268d757fd4290e3ba2dfc2
click==8.4.2 --hash=sha256:e6f9f66136c816745b9d65817da91d61d957fb16e02e4dcd0552553c5a197b76
cryptography==48.0.1 --hash=sha256:fe0180af5bf9236518a087e35bf2d9a347d5f5f51e63c579d683ddff424e3d46
exceptiongroup==1.3.1 --hash=sha256:a7a39a3bd276781e98394987d3a5701d0c4edffb633bb7a5144577f82c773598
fastapi==0.139.0 --hash=sha256:cf15e1e9e667ddb0ad63811e60bd11390d1aac838ca4a7a23f421807b2308189
h11==0.16.0 --hash=sha256:63cf8bbe7522de3bf65932fda1d9c2772064ffb3dae62d55932da54b31cb6c86
httptools==0.8.0 --hash=sha256:0ea897f0c729581ebf72131a438a7932d9b14efef72d75ada966700cac3caaeb
idna==3.18 --hash=sha256:7f952cbe720b688055e3f87de14f5c3e5fdaa8bc3928985c4077ca689de849a2
jinja2==3.1.6 --hash=sha256:85ece4451f492d0c13c5dd7c13a64681a86afae63a5f347908daf103ce6d2f67
markupsafe==3.0.3 --hash=sha256:1ba88449deb3de88bd40044603fafffb7bc2b055d626a330323a9ed736661695
psutil==6.1.1 --hash=sha256:33431e84fee02bc84ea36d9e2c4a6d395d479c9dd9bba2376c1f6ee8f3a4e0b3
pycparser==3.0 --hash=sha256:b727414169a36b7d524c1c3e31839a521725078d7b2ff038656844266160a992
pydantic==2.13.4 --hash=sha256:45a282cde31d808236fd7ea9d919b128653c8b38b393d1c4ab335c62924d9aba
pydantic-core==2.46.4 --hash=sha256:bb63e0198ca18aad131c089b9204c23079c3afa95487e561f4c522d519e55aba
pydantic-settings==2.14.2 --hash=sha256:a20c97b37910b6550d5ea50fbcc2d4187defe58cd57070b73863d069419c9440
python-dotenv==1.2.2 --hash=sha256:1d8214789a24de455a8b8bd8ae6fe3c6b69a5e3d64aa8a8e5d68e694bbcb285a
python-multipart==0.0.32 --hash=sha256:ff6d3f776f16878c894e52e107296ffc890e913c611b1a4ec6c44e2821fe2e23
pyyaml==6.0.3 --hash=sha256:b30236e45cf30d2b8e7b3e85881719e98507abed1011bf463a8fa23e9c3e98a8
starlette==1.3.1 --hash=sha256:c7372aae11c3c3f26a42df7bd626cec2f47d03483d261d369516a615a53714c6
typing-extensions==4.16.0 --hash=sha256:481caa481374e813c1b176ada14e97f1f67a4539ce9cfeb3f350d78d6370c2e8
typing-inspection==0.4.2 --hash=sha256:4ed1cacbdc298c220f1bd249ed5287caa16f34d44ef4e9c3d0cbad5b521545e7
uvicorn==0.51.0 --hash=sha256:5d38af6cd620f2ae3849fb44fd4879e0890aa1febe8d47eb355fb45d93fe6a5b
uvloop==0.22.1 --hash=sha256:ac33ed96229b7790eb729702751c0e93ac5bc3bcf52ae9eccbff30da09194b86
watchfiles==1.2.0 --hash=sha256:77a0feab9af4c021c581f695258c642b3d10c5fd4c676e33a0d8606425d82631
websockets==16.1 --hash=sha256:dc2c453f3b5f99c56b16e233aad5299860558487d26adb2ed27a00c14ca24b8c
