# GENERATED by release/gen_locks.py -- DO NOT hand-edit.
# requirements.txt sha256: 6cf432df3276363d26cf56d87804e625add960d89de31c4242e48b14db2e47b5
cffi==2.1.0 --hash=sha256:efc1cdd798b1aaf39b4610bba7aad28c9bea9b910f25c784ccf9ec1fa719d1f9
cython==3.2.8 --hash=sha256:3142407b9d63f233c766e17000e2aac782411bf0409b9adc97cb7c320aecd199
flit-core==3.12.0 --hash=sha256:e7a0304069ea895172e3c7bb703292e992c5d1555dd1233ab7b5621b5b69e62c
flit-scm==1.7.0 --hash=sha256:9e864caa8a63f708f5bb2f1b5b53eedcd4da75ec2cc6221a64cea7aa5c9eae1a
hatch-fancy-pypi-readme==25.1.0 --hash=sha256:ce0134c40d63d874ac48f48ccc678b8f3b62b8e50e9318520d2bffc752eedaf3
hatchling==1.31.0 --hash=sha256:aac80bec8b6fe35e8480f1c335be8910fa210a0e6f735a139be205dadcacb544
maturin==1.14.1 --hash=sha256:be18fc568fb76884c0205456336892a75105ec398e6b667cd777c6268bd06d69
packaging==26.2 --hash=sha256:5fc45236b9446107ff2415ce77c807cee2862cb6fac22b8a73826d0693b0980e
pathspec==1.1.1 --hash=sha256:a00ce642f577bf7f473932318056212bc4f8bfdf53128c78bbd5af0b9b20b189
pdm-backend==2.4.9 --hash=sha256:8d1064751dadb0c40b1026b46826a448d85c8228a564985c62fb53d4aba538a1
pluggy==1.6.0 --hash=sha256:e920276dd6813095e9377c0bc5566d94c932c33b27a3e3945d8389c374dd4746
pycparser==3.0 --hash=sha256:b727414169a36b7d524c1c3e31839a521725078d7b2ff038656844266160a992
semantic-version==2.10.0 --hash=sha256:de78a3b8e0feda74cabc54aab2da702113e33ac9d9eb9d2389bcf1f58b7d9177
setuptools==82.0.1 --hash=sha256:a59e362652f08dcd477c78bb6e7bd9d80a7995bc73ce773050228a348ce2e5bb
setuptools-rust==1.13.0 --hash=sha256:666439c4d90e968bb625bcf87ec0aa02b4f49e599d2f5dc255c633a04e8eca99
setuptools-scm==10.2.0 --hash=sha256:6cc5ac7da8e54d74e43503be2fa023eb7a1ca820d5c318e6ae20efc48110d6c7
tomli==2.4.1 --hash=sha256:0d85819802132122da43cb86656f8d1f8c6587d54ae7dcaf30e90533028b49fe
trove-classifiers==2026.6.1.19 --hash=sha256:ab4c4ec93cc4a4e7815fa759906e05e6bb3f2fbd92ea0f897288c6a43efd15b3
typing-extensions==4.16.0 --hash=sha256:481caa481374e813c1b176ada14e97f1f67a4539ce9cfeb3f350d78d6370c2e8
vcs-versioning==2.2.2 --hash=sha256:fe7fb216f8780a5516e7864a9333aacb1b70015b087a9be3918da76ef2760808
wheel==0.47.0 --hash=sha256:212281cab4dff978f6cedd499cd893e1f620791ca6ff7107cf270781e587eced
